
Microsoft Visual Studio Solution File, Format Version 12.00
# Visual Studio 2013
VisualStudioVersion = 12.0.31101.0
MinimumVisualStudioVersion = 10.0.40219.1
Project("{FAE04EC0-301F-11D3-BF4B-00C04F79EFBC}") = "St.Eg.M1.Ex1.ConsoleApp", "St.Eg.M1.Ex1.ConsoleApp\St.Eg.M1.Ex1.ConsoleApp.csproj", "{331D90BF-CBDE-43D9-B7C7-C3FF795DB33F}"
EndProject
Project("{FAE04EC0-301F-11D3-BF4B-00C04F79EFBC}") = "St.Eg.M1.Ex2.Classes", "St.Eg.M1.Ex2.Classes\St.Eg.M1.Ex2.Classes.csproj", "{A95CA566-64FD-4275-B9A2-F0AEDD9C204C}"
EndProject
Project("{2150E333-8FDC-42A3-9474-1A3956D46DE8}") = "Day 1", "Day 1", "{572AD440-2775-4B8F-8C84-18C24C57D5E0}"
EndProject
Project("{2150E333-8FDC-42A3-9474-1A3956D46DE8}") = "Module 1", "Module 1", "{6B5D40F5-DC71-42F4-8921-EB06E12E74BD}"
EndProject
Project("{2150E333-8FDC-42A3-9474-1A3956D46DE8}") = "Module 2", "Module 2", "{74E48F74-EA5F-4BFE-B41D-EC8B0987BD0D}"
EndProject
Project("{FAE04EC0-301F-11D3-BF4B-00C04F79EFBC}") = "St.Eg.M2.Ex4.Collections", "St.Eg.M2.Ex1.Collections\St.Eg.M2.Ex4.Collections.csproj", "{9710D3CD-1825-44AD-937C-26B74B637C9F}"
EndProject
Project("{FAE04EC0-301F-11D3-BF4B-00C04F79EFBC}") = "St.Eg.M2.Ex3.Enumerables", "St.Eg.M2.Ex4.Enumerables\St.Eg.M2.Ex3.Enumerables.csproj", "{B93AA11E-8F52-424D-8F95-096595308235}"
EndProject
Project("{2150E333-8FDC-42A3-9474-1A3956D46DE8}") = "Day 2", "Day 2", "{C1F9F578-F4D4-4FD1-BB35-328AB7928345}"
EndProject
Project("{2150E333-8FDC-42A3-9474-1A3956D46DE8}") = "Module 1 - Building Good Objects", "Module 1 - Building Good Objects", "{EF778110-40CE-4BE5-B877-FFEA04F20E63}"
EndProject
Project("{2150E333-8FDC-42A3-9474-1A3956D46DE8}") = "Module 2 - SOLID and DI", "Module 2 - SOLID and DI", "{D4316B76-0425-45D6-93DD-A92FCCB9D7FB}"
EndProject
Project("{2150E333-8FDC-42A3-9474-1A3956D46DE8}") = "Day 3", "Day 3", "{DDDCAD6A-CBBC-40F0-BD95-C4FDF1396CD9}"
EndProject
Project("{2150E333-8FDC-42A3-9474-1A3956D46DE8}") = "Module 1", "Module 1", "{0321D023-6488-4B43-8B50-CD6BDC6DDEF2}"
EndProject
Project("{2150E333-8FDC-42A3-9474-1A3956D46DE8}") = "Module 2", "Module 2", "{7CA351B0-3071-4108-B4E8-D2F5138856E0}"
EndProject
Project("{FAE04EC0-301F-11D3-BF4B-00C04F79EFBC}") = "St.Eg.Day3.M1.Ex1.ExtensionMethods", "St.Eg.Day3.M1.Ex1.ExtensionMethods\St.Eg.Day3.M1.Ex1.ExtensionMethods.csproj", "{716D7E4C-6094-4CE4-9AA9-B779E0C4ECCE}"
EndProject
Project("{2150E333-8FDC-42A3-9474-1A3956D46DE8}") = "Module 3", "Module 3", "{ECDDF042-6F6D-476C-AD2C-998F4F05F400}"
EndProject
Project("{FAE04EC0-301F-11D3-BF4B-00C04F79EFBC}") = "St.Eg.Day3.M2.Ex1.Tasks", "St.Eg.Day3.M2.Ex1.Tasks\St.Eg.Day3.M2.Ex1.Tasks.csproj", "{8C25C0F1-5FF2-49B5-9099-BBCD448909E8}"
EndProject
Project("{FAE04EC0-301F-11D3-BF4B-00C04F79EFBC}") = "St.Eg.Day3.M2.Ex2.AsyncAwait", "St.Eg.Day3.M2.Ex2.AsyncAwait\St.Eg.Day3.M2.Ex2.AsyncAwait.csproj", "{EBFB4401-807E-48B5-A347-AC8251E1E8F3}"
EndProject
Project("{2150E333-8FDC-42A3-9474-1A3956D46DE8}") = "Module 4 - xUnit", "Module 4 - xUnit", "{07CDD016-8879-486F-A374-BCD0E7D09D07}"
EndProject
Project("{FAE04EC0-301F-11D3-BF4B-00C04F79EFBC}") = "St.Eg.Day3.M4.CodedUITest", "St.Eg.Day3.M4.CodedUITest\St.Eg.Day3.M4.CodedUITest.csproj", "{923A9824-FC23-4F54-BA50-760B895875C6}"
EndProject
Project("{FAE04EC0-301F-11D3-BF4B-00C04F79EFBC}") = "St.Eg.M1.Ex1.ConsoleApp.After", "St.Eg.M1.Ex1.ConsoleApp.After\St.Eg.M1.Ex1.ConsoleApp.After.csproj", "{F730DC93-9013-4EF3-A4B1-788A200F50DF}"
EndProject
Project("{FAE04EC0-301F-11D3-BF4B-00C04F79EFBC}") = "St.Eg.M1.Ex2.Classes.After", "St.Eg.M1.Ex2.Classes.After\St.Eg.M1.Ex2.Classes.After.csproj", "{C435F60C-D526-49E2-821F-78AC3AF077B9}"
EndProject
Project("{FAE04EC0-301F-11D3-BF4B-00C04F79EFBC}") = "St.Eg.M1.Ex3.Interfaces.After", "St.Eg.M1.Ex3.Interfaces.After\St.Eg.M1.Ex3.Interfaces.After.csproj", "{4F6C1282-D504-4DFE-B27D-411A922DCC44}"
EndProject
Project("{FAE04EC0-301F-11D3-BF4B-00C04F79EFBC}") = "St.Eg.M1.Ex3.Interfaces", "St.Eg.M1.Ex13.Interfaces\St.Eg.M1.Ex3.Interfaces.csproj", "{6699E101-2F82-44E2-B64A-F63B940273EE}"
EndProject
Project("{FAE04EC0-301F-11D3-BF4B-00C04F79EFBC}") = "St.Eg.M1.Ex4.Events", "St.Eg.M1.Ex4.Events\St.Eg.M1.Ex4.Events.csproj", "{E35678C8-5B03-446D-9E69-DBDE52A864CF}"
EndProject
Project("{FAE04EC0-301F-11D3-BF4B-00C04F79EFBC}") = "St.Eg.M1.Ex4.Events.After", "St.Eg.M1.Ex3.Events.After\St.Eg.M1.Ex4.Events.After.csproj", "{EEE9F2E3-E00A-4E04-95E6-64425E8643B8}"
EndProject
Project("{FAE04EC0-301F-11D3-BF4B-00C04F79EFBC}") = "St.Eg.M2.Ex1.INPC", "St.Eg.M2.Ex1.INPC\St.Eg.M2.Ex1.INPC.csproj", "{2C94D328-51B1-42B3-B099-DB04FD5134BC}"
EndProject
Project("{FAE04EC0-301F-11D3-BF4B-00C04F79EFBC}") = "St.Eg.M2.Ex1.INPC.After", "St.Eg.M2.Ex1.INPC.After\St.Eg.M2.Ex1.INPC.After.csproj", "{DAA72946-6CD3-4E09-9676-4EBB92CE6E58}"
EndProject
Project("{FAE04EC0-301F-11D3-BF4B-00C04F79EFBC}") = "St.Eg.M2.Ex4.Collections.After", "St.Eg.M2.Ex2.Collections.After\St.Eg.M2.Ex4.Collections.After.csproj", "{65467A92-4A39-464A-9BC2-47B031824706}"
EndProject
Project("{FAE04EC0-301F-11D3-BF4B-00C04F79EFBC}") = "St.Eg.M2.Ex2.Generics", "St.Eg.M2.Ex2.Generics\St.Eg.M2.Ex2.Generics.csproj", "{9977C838-4107-46A1-9C1B-26324B096C93}"
EndProject
Project("{FAE04EC0-301F-11D3-BF4B-00C04F79EFBC}") = "St.Eg.M2.Ex2.Generics.After", "St.Eg.M2.Ex2.Generics.After\St.Eg.M2.Ex2.Generics.After.csproj", "{A2B891BD-0F89-4B7E-B323-CCF729782269}"
EndProject
Project("{FAE04EC0-301F-11D3-BF4B-00C04F79EFBC}") = "St.Eg.M2.Ex3.Enumerables.After", "St.Eg.M2.Ex3.Enumerables.After\St.Eg.M2.Ex3.Enumerables.After.csproj", "{7E16D4C2-51C6-4A68-B49C-10391CFEF958}"
EndProject
Project("{FAE04EC0-301F-11D3-BF4B-00C04F79EFBC}") = "St.Eg.Day2.M1.Ex1.OOP", "St.Eg.Day2.M1.Ex1.OOP\St.Eg.Day2.M1.Ex1.OOP.csproj", "{787EBB99-AA91-483D-9FC8-E910002354AB}"
EndProject
Project("{2150E333-8FDC-42A3-9474-1A3956D46DE8}") = ".nuget", ".nuget", "{DA968846-2844-4914-B01B-173BA4BBB5C8}"
	ProjectSection(SolutionItems) = preProject
		.nuget\packages.config = .nuget\packages.config
	EndProjectSection
EndProject
Project("{FAE04EC0-301F-11D3-BF4B-00C04F79EFBC}") = "St.Eg.Day2.M2.Ex1.Smells.Before", "St.Eg.Day2.M2.Ex1.Smells.Before\St.Eg.Day2.M2.Ex1.Smells.Before.csproj", "{313D2E90-D3BB-4504-9101-05A70B59EB71}"
EndProject
Project("{FAE04EC0-301F-11D3-BF4B-00C04F79EFBC}") = "St.Eg.Day2.M2.Ex2.Smells.After", "St.Eg.Day2.M2.Ex2.Smells.After\St.Eg.Day2.M2.Ex2.Smells.After.csproj", "{B7DC66E8-B328-485F-B119-823E94EACC26}"
EndProject
Project("{FAE04EC0-301F-11D3-BF4B-00C04F79EFBC}") = "St.Eg.Day2.M2.Ex3.SRP.After", "St.Eg.Day2.M2.Ex3.SRP.After\St.Eg.Day2.M2.Ex3.SRP.After.csproj", "{455F2EF6-E8A2-4158-A171-637D99C20729}"
EndProject
Project("{FAE04EC0-301F-11D3-BF4B-00C04F79EFBC}") = "St.Eg.Day2.M2.Ex4.OCP.After", "St.Eg.Day2.M2.Ex4.OCP.After\St.Eg.Day2.M2.Ex4.OCP.After.csproj", "{FC59FE95-81DD-4151-815F-36516FBA3BB8}"
EndProject
Project("{FAE04EC0-301F-11D3-BF4B-00C04F79EFBC}") = "St.Eg.Day2.M2.Ex5.LSP.After", "St.Eg.Day2.M2.Ex5.LSP.After\St.Eg.Day2.M2.Ex5.LSP.After.csproj", "{8061854C-F80B-4F3B-9326-30328D1F6CFA}"
EndProject
Project("{FAE04EC0-301F-11D3-BF4B-00C04F79EFBC}") = "St.Eg.Day2.M2.Ex6.ISP.After", "St.Eg.Day2.M2.Ex6.ISP.After\St.Eg.Day2.M2.Ex6.ISP.After.csproj", "{AC4B467F-EB3C-49F7-AD1F-D5EECA12024E}"
EndProject
Project("{FAE04EC0-301F-11D3-BF4B-00C04F79EFBC}") = "St.Eg.Day2.M2.Ex7.DIP.After", "St.Eg.Day2.M2.Ex7.DIP.After\St.Eg.Day2.M2.Ex7.DIP.After.csproj", "{B614AD9B-F4EB-41F2-ACAE-2AC690BA9FFA}"
EndProject
Project("{2150E333-8FDC-42A3-9474-1A3956D46DE8}") = "Slides", "Slides", "{D455C2A6-AF44-4F84-BB77-60F6A88F932C}"
	ProjectSection(SolutionItems) = preProject
		Slides\Day 1.pdf = Slides\Day 1.pdf
		Slides\Day 2.pdf = Slides\Day 2.pdf
	EndProjectSection
EndProject
Project("{2150E333-8FDC-42A3-9474-1A3956D46DE8}") = "Outlines", "Outlines", "{A59262C4-A9F4-4854-94CE-A2EB90897B16}"
	ProjectSection(SolutionItems) = preProject
		Outlines\Day 1.pdf = Outlines\Day 1.pdf
		Outlines\Day 2.pdf = Outlines\Day 2.pdf
	EndProjectSection
EndProject
Project("{FAE04EC0-301F-11D3-BF4B-00C04F79EFBC}") = "St.Eg.Day2.M2.Ex8.NinjectRunner", "St.Eg.Day2.M2.Ex8.NinjectRunner\St.Eg.Day2.M2.Ex8.NinjectRunner.csproj", "{B4C3D3A9-3C02-46F8-B621-51BA1732CD67}"
EndProject
Project("{FAE04EC0-301F-11D3-BF4B-00C04F79EFBC}") = "St.Eg.Day2.M2.Ex9.Ninject.Exercise", "St.Eg.Day2.M2.Ex9.Ninject.Exercise\St.Eg.Day2.M2.Ex9.Ninject.Exercise.csproj", "{FE2EBF49-71AD-4E97-920C-E7A7EF4C5460}"
EndProject
Project("{FAE04EC0-301F-11D3-BF4B-00C04F79EFBC}") = "St.Eg.Day3.M1.Ex2.PartialClasses", "St.Eg.Day3.M1.Ex2.PartialClasses\St.Eg.Day3.M1.Ex2.PartialClasses.csproj", "{F64D2FC7-265C-47E1-B9C3-8A0341EBC2DA}"
EndProject
Project("{2150E333-8FDC-42A3-9474-1A3956D46DE8}") = "Module 5", "Module 5", "{642166D9-798B-42D8-9018-1B40D13A938E}"
EndProject
Project("{FAE04EC0-301F-11D3-BF4B-00C04F79EFBC}") = "St.Eg.Day3.M2.Ex1.LINQ", "St.Eg.Day3.M2.Ex1.LINQ\St.Eg.Day3.M2.Ex1.LINQ.csproj", "{816B26E5-41E1-4A34-80DC-7249A985E7B5}"
EndProject
Project("{FAE04EC0-301F-11D3-BF4B-00C04F79EFBC}") = "St.Eg.Day3.M2.Ex1.Tasks.After", "St.Eg.Day3.M2.Ex1.Tasks.After\St.Eg.Day3.M2.Ex1.Tasks.After.csproj", "{913B4868-3A5E-4489-9802-0B66281E01F8}"
EndProject
Project("{FAE04EC0-301F-11D3-BF4B-00C04F79EFBC}") = "St.Eg.Day3.M2.Ex2.AsyncAwait.After", "St.Eg.Day3.M2.Ex2.AsyncAwait.After\St.Eg.Day3.M2.Ex2.AsyncAwait.After.csproj", "{5374C336-9683-49D1-BA1A-DA2D7AB4352D}"
EndProject
Project("{FAE04EC0-301F-11D3-BF4B-00C04F79EFBC}") = "St.Eg.M2.Ex5.Attributes.After", "St.Eg.M2.Ex4.Attributes.After\St.Eg.M2.Ex5.Attributes.After.csproj", "{A40DEDCF-B86A-42CA-ABDC-5BE013519B07}"
EndProject
Project("{FAE04EC0-301F-11D3-BF4B-00C04F79EFBC}") = "St.Eg.M2.Ex1a.INPC.After", "St.Eg.M2.Ex1a.INPC.After\St.Eg.M2.Ex1a.INPC.After.csproj", "{27D125C7-8AF4-4B6E-9B0B-C712D289EF72}"
EndProject
Project("{FAE04EC0-301F-11D3-BF4B-00C04F79EFBC}") = "St.Eg.M2.Ex1c.INPC.Fody.After", "St.Eg.M2.Ex1c.INPC.Fody.After\St.Eg.M2.Ex1c.INPC.Fody.After.csproj", "{B383AB5F-9CA5-4378-B059-C01DCD2D6B13}"
EndProject
Project("{2150E333-8FDC-42A3-9474-1A3956D46DE8}") = "Module 0 - Good and Bad Patterns", "Module 0 - Good and Bad Patterns", "{73B946E5-961A-4E1D-B8EA-98961343B5BB}"
EndProject
Project("{FAE04EC0-301F-11D3-BF4B-00C04F79EFBC}") = "St.Eg.Day2.M0.Ex1.Encapsulation", "St.Eg.Day2.M0.Ex1.Encapsulation\St.Eg.Day2.M0.Ex1.Encapsulation.csproj", "{A1F4DDC3-70F5-440A-9F52-1C7A317E899E}"
EndProject
Project("{FAE04EC0-301F-11D3-BF4B-00C04F79EFBC}") = "St.Eg.Day2.M0.Ex2.Abstraction", "St.Eg.Day2.M0.Ex2.Abstraction\St.Eg.Day2.M0.Ex2.Abstraction.csproj", "{69F4CB74-21EF-42EA-AF92-F67DC236B781}"
EndProject
Project("{FAE04EC0-301F-11D3-BF4B-00C04F79EFBC}") = "St.Eg.Day2.M0.Ex4.Polymorphism", "St.Eg.Day2.M0.Ex3.Polymorphism\St.Eg.Day2.M0.Ex4.Polymorphism.csproj", "{B6A50067-5F85-41C4-9327-D3B74923682E}"
EndProject
Project("{FAE04EC0-301F-11D3-BF4B-00C04F79EFBC}") = "St.Eg.Day2.M0.Ex3.Inheritance", "St.Eg.Day2.M0.Ex3.Inheritance\St.Eg.Day2.M0.Ex3.Inheritance.csproj", "{230E0E42-8DAF-44F1-A9BA-3EBE22D30E94}"
EndProject
Project("{FAE04EC0-301F-11D3-BF4B-00C04F79EFBC}") = "St.Eg.Day2.M0.Ex5.InterfaceBasedPolymorphism", "St.Eg.Day2.M0.Ex5.InterfaceBasedPolymorphism\St.Eg.Day2.M0.Ex5.InterfaceBasedPolymorphism.csproj", "{55DEE21B-C4DC-4A3F-9172-EB0F7E1C5A21}"
EndProject
Project("{FAE04EC0-301F-11D3-BF4B-00C04F79EFBC}") = "St.Eg.Day3.M4.Ex1.JustTheFactsMam", "St.Eg.Day3.M4.Ex1.JustTheFactsMam\St.Eg.Day3.M4.Ex1.JustTheFactsMam.csproj", "{D3900130-00C5-4087-BD49-974EFCE5356F}"
EndProject
Project("{FAE04EC0-301F-11D3-BF4B-00C04F79EFBC}") = "St.Eg.Day3.M4.Ex2.Theories", "St.Eg.Day3.M4.Ex2.Theories\St.Eg.Day3.M4.Ex2.Theories.csproj", "{A32C7034-8F5C-4001-AED5-F7116B0E459B}"
EndProject
Project("{FAE04EC0-301F-11D3-BF4B-00C04F79EFBC}") = "St.Eg.Day3.M4.Ex3.GenericTheories", "St.Eg.Day3.M4.Ex3.GenericTheories\St.Eg.Day3.M4.Ex3.GenericTheories.csproj", "{B29F4C8F-6409-4302-8BCB-D117E9B2AFE0}"
EndProject
Project("{FAE04EC0-301F-11D3-BF4B-00C04F79EFBC}") = "St.Eg.Day3.M4.Ex4.AutoData", "St.Eg.Day3.M4.Ex4.AutoData\St.Eg.Day3.M4.Ex4.AutoData.csproj", "{FBB6F9A7-BA99-4585-A0EF-6FB3CCC66B89}"
EndProject
Global
	GlobalSection(SolutionConfigurationPlatforms) = preSolution
		Debug|Any CPU = Debug|Any CPU
		Release|Any CPU = Release|Any CPU
	EndGlobalSection
	GlobalSection(ProjectConfigurationPlatforms) = postSolution
		{331D90BF-CBDE-43D9-B7C7-C3FF795DB33F}.Debug|Any CPU.ActiveCfg = Debug|Any CPU
		{331D90BF-CBDE-43D9-B7C7-C3FF795DB33F}.Debug|Any CPU.Build.0 = Debug|Any CPU
		{331D90BF-CBDE-43D9-B7C7-C3FF795DB33F}.Release|Any CPU.ActiveCfg = Release|Any CPU
		{331D90BF-CBDE-43D9-B7C7-C3FF795DB33F}.Release|Any CPU.Build.0 = Release|Any CPU
		{A95CA566-64FD-4275-B9A2-F0AEDD9C204C}.Debug|Any CPU.ActiveCfg = Debug|Any CPU
		{A95CA566-64FD-4275-B9A2-F0AEDD9C204C}.Debug|Any CPU.Build.0 = Debug|Any CPU
		{A95CA566-64FD-4275-B9A2-F0AEDD9C204C}.Release|Any CPU.ActiveCfg = Release|Any CPU
		{A95CA566-64FD-4275-B9A2-F0AEDD9C204C}.Release|Any CPU.Build.0 = Release|Any CPU
		{9710D3CD-1825-44AD-937C-26B74B637C9F}.Debug|Any CPU.ActiveCfg = Debug|Any CPU
		{9710D3CD-1825-44AD-937C-26B74B637C9F}.Debug|Any CPU.Build.0 = Debug|Any CPU
		{9710D3CD-1825-44AD-937C-26B74B637C9F}.Release|Any CPU.ActiveCfg = Release|Any CPU
		{9710D3CD-1825-44AD-937C-26B74B637C9F}.Release|Any CPU.Build.0 = Release|Any CPU
		{B93AA11E-8F52-424D-8F95-096595308235}.Debug|Any CPU.ActiveCfg = Debug|Any CPU
		{B93AA11E-8F52-424D-8F95-096595308235}.Debug|Any CPU.Build.0 = Debug|Any CPU
		{B93AA11E-8F52-424D-8F95-096595308235}.Release|Any CPU.ActiveCfg = Release|Any CPU
		{B93AA11E-8F52-424D-8F95-096595308235}.Release|Any CPU.Build.0 = Release|Any CPU
		{716D7E4C-6094-4CE4-9AA9-B779E0C4ECCE}.Debug|Any CPU.ActiveCfg = Debug|Any CPU
		{716D7E4C-6094-4CE4-9AA9-B779E0C4ECCE}.Debug|Any CPU.Build.0 = Debug|Any CPU
		{716D7E4C-6094-4CE4-9AA9-B779E0C4ECCE}.Release|Any CPU.ActiveCfg = Release|Any CPU
		{716D7E4C-6094-4CE4-9AA9-B779E0C4ECCE}.Release|Any CPU.Build.0 = Release|Any CPU
		{8C25C0F1-5FF2-49B5-9099-BBCD448909E8}.Debug|Any CPU.ActiveCfg = Debug|Any CPU
		{8C25C0F1-5FF2-49B5-9099-BBCD448909E8}.Debug|Any CPU.Build.0 = Debug|Any CPU
		{8C25C0F1-5FF2-49B5-9099-BBCD448909E8}.Release|Any CPU.ActiveCfg = Release|Any CPU
		{8C25C0F1-5FF2-49B5-9099-BBCD448909E8}.Release|Any CPU.Build.0 = Release|Any CPU
		{EBFB4401-807E-48B5-A347-AC8251E1E8F3}.Debug|Any CPU.ActiveCfg = Debug|Any CPU
		{EBFB4401-807E-48B5-A347-AC8251E1E8F3}.Debug|Any CPU.Build.0 = Debug|Any CPU
		{EBFB4401-807E-48B5-A347-AC8251E1E8F3}.Release|Any CPU.ActiveCfg = Release|Any CPU
		{EBFB4401-807E-48B5-A347-AC8251E1E8F3}.Release|Any CPU.Build.0 = Release|Any CPU
		{923A9824-FC23-4F54-BA50-760B895875C6}.Debug|Any CPU.ActiveCfg = Debug|Any CPU
		{923A9824-FC23-4F54-BA50-760B895875C6}.Debug|Any CPU.Build.0 = Debug|Any CPU
		{923A9824-FC23-4F54-BA50-760B895875C6}.Release|Any CPU.ActiveCfg = Release|Any CPU
		{923A9824-FC23-4F54-BA50-760B895875C6}.Release|Any CPU.Build.0 = Release|Any CPU
		{F730DC93-9013-4EF3-A4B1-788A200F50DF}.Debug|Any CPU.ActiveCfg = Debug|Any CPU
		{F730DC93-9013-4EF3-A4B1-788A200F50DF}.Debug|Any CPU.Build.0 = Debug|Any CPU
		{F730DC93-9013-4EF3-A4B1-788A200F50DF}.Release|Any CPU.ActiveCfg = Release|Any CPU
		{F730DC93-9013-4EF3-A4B1-788A200F50DF}.Release|Any CPU.Build.0 = Release|Any CPU
		{C435F60C-D526-49E2-821F-78AC3AF077B9}.Debug|Any CPU.ActiveCfg = Debug|Any CPU
		{C435F60C-D526-49E2-821F-78AC3AF077B9}.Debug|Any CPU.Build.0 = Debug|Any CPU
		{C435F60C-D526-49E2-821F-78AC3AF077B9}.Release|Any CPU.ActiveCfg = Release|Any CPU
		{C435F60C-D526-49E2-821F-78AC3AF077B9}.Release|Any CPU.Build.0 = Release|Any CPU
		{4F6C1282-D504-4DFE-B27D-411A922DCC44}.Debug|Any CPU.ActiveCfg = Debug|Any CPU
		{4F6C1282-D504-4DFE-B27D-411A922DCC44}.Debug|Any CPU.Build.0 = Debug|Any CPU
		{4F6C1282-D504-4DFE-B27D-411A922DCC44}.Release|Any CPU.ActiveCfg = Release|Any CPU
		{4F6C1282-D504-4DFE-B27D-411A922DCC44}.Release|Any CPU.Build.0 = Release|Any CPU
		{6699E101-2F82-44E2-B64A-F63B940273EE}.Debug|Any CPU.ActiveCfg = Debug|Any CPU
		{6699E101-2F82-44E2-B64A-F63B940273EE}.Debug|Any CPU.Build.0 = Debug|Any CPU
		{6699E101-2F82-44E2-B64A-F63B940273EE}.Release|Any CPU.ActiveCfg = Release|Any CPU
		{6699E101-2F82-44E2-B64A-F63B940273EE}.Release|Any CPU.Build.0 = Release|Any CPU
		{E35678C8-5B03-446D-9E69-DBDE52A864CF}.Debug|Any CPU.ActiveCfg = Debug|Any CPU
		{E35678C8-5B03-446D-9E69-DBDE52A864CF}.Debug|Any CPU.Build.0 = Debug|Any CPU
		{E35678C8-5B03-446D-9E69-DBDE52A864CF}.Release|Any CPU.ActiveCfg = Release|Any CPU
		{E35678C8-5B03-446D-9E69-DBDE52A864CF}.Release|Any CPU.Build.0 = Release|Any CPU
		{EEE9F2E3-E00A-4E04-95E6-64425E8643B8}.Debug|Any CPU.ActiveCfg = Debug|Any CPU
		{EEE9F2E3-E00A-4E04-95E6-64425E8643B8}.Debug|Any CPU.Build.0 = Debug|Any CPU
		{EEE9F2E3-E00A-4E04-95E6-64425E8643B8}.Release|Any CPU.ActiveCfg = Release|Any CPU
		{EEE9F2E3-E00A-4E04-95E6-64425E8643B8}.Release|Any CPU.Build.0 = Release|Any CPU
		{2C94D328-51B1-42B3-B099-DB04FD5134BC}.Debug|Any CPU.ActiveCfg = Debug|Any CPU
		{2C94D328-51B1-42B3-B099-DB04FD5134BC}.Debug|Any CPU.Build.0 = Debug|Any CPU
		{2C94D328-51B1-42B3-B099-DB04FD5134BC}.Release|Any CPU.ActiveCfg = Release|Any CPU
		{2C94D328-51B1-42B3-B099-DB04FD5134BC}.Release|Any CPU.Build.0 = Release|Any CPU
		{DAA72946-6CD3-4E09-9676-4EBB92CE6E58}.Debug|Any CPU.ActiveCfg = Debug|Any CPU
		{DAA72946-6CD3-4E09-9676-4EBB92CE6E58}.Debug|Any CPU.Build.0 = Debug|Any CPU
		{DAA72946-6CD3-4E09-9676-4EBB92CE6E58}.Release|Any CPU.ActiveCfg = Release|Any CPU
		{DAA72946-6CD3-4E09-9676-4EBB92CE6E58}.Release|Any CPU.Build.0 = Release|Any CPU
		{65467A92-4A39-464A-9BC2-47B031824706}.Debug|Any CPU.ActiveCfg = Debug|Any CPU
		{65467A92-4A39-464A-9BC2-47B031824706}.Debug|Any CPU.Build.0 = Debug|Any CPU
		{65467A92-4A39-464A-9BC2-47B031824706}.Release|Any CPU.ActiveCfg = Release|Any CPU
		{65467A92-4A39-464A-9BC2-47B031824706}.Release|Any CPU.Build.0 = Release|Any CPU
		{9977C838-4107-46A1-9C1B-26324B096C93}.Debug|Any CPU.ActiveCfg = Debug|Any CPU
		{9977C838-4107-46A1-9C1B-26324B096C93}.Debug|Any CPU.Build.0 = Debug|Any CPU
		{9977C838-4107-46A1-9C1B-26324B096C93}.Release|Any CPU.ActiveCfg = Release|Any CPU
		{9977C838-4107-46A1-9C1B-26324B096C93}.Release|Any CPU.Build.0 = Release|Any CPU
		{A2B891BD-0F89-4B7E-B323-CCF729782269}.Debug|Any CPU.ActiveCfg = Debug|Any CPU
		{A2B891BD-0F89-4B7E-B323-CCF729782269}.Debug|Any CPU.Build.0 = Debug|Any CPU
		{A2B891BD-0F89-4B7E-B323-CCF729782269}.Release|Any CPU.ActiveCfg = Release|Any CPU
		{A2B891BD-0F89-4B7E-B323-CCF729782269}.Release|Any CPU.Build.0 = Release|Any CPU
		{7E16D4C2-51C6-4A68-B49C-10391CFEF958}.Debug|Any CPU.ActiveCfg = Debug|Any CPU
		{7E16D4C2-51C6-4A68-B49C-10391CFEF958}.Debug|Any CPU.Build.0 = Debug|Any CPU
		{7E16D4C2-51C6-4A68-B49C-10391CFEF958}.Release|Any CPU.ActiveCfg = Release|Any CPU
		{7E16D4C2-51C6-4A68-B49C-10391CFEF958}.Release|Any CPU.Build.0 = Release|Any CPU
		{787EBB99-AA91-483D-9FC8-E910002354AB}.Debug|Any CPU.ActiveCfg = Debug|Any CPU
		{787EBB99-AA91-483D-9FC8-E910002354AB}.Debug|Any CPU.Build.0 = Debug|Any CPU
		{787EBB99-AA91-483D-9FC8-E910002354AB}.Release|Any CPU.ActiveCfg = Release|Any CPU
		{787EBB99-AA91-483D-9FC8-E910002354AB}.Release|Any CPU.Build.0 = Release|Any CPU
		{313D2E90-D3BB-4504-9101-05A70B59EB71}.Debug|Any CPU.ActiveCfg = Debug|Any CPU
		{313D2E90-D3BB-4504-9101-05A70B59EB71}.Debug|Any CPU.Build.0 = Debug|Any CPU
		{313D2E90-D3BB-4504-9101-05A70B59EB71}.Release|Any CPU.ActiveCfg = Release|Any CPU
		{313D2E90-D3BB-4504-9101-05A70B59EB71}.Release|Any CPU.Build.0 = Release|Any CPU
		{B7DC66E8-B328-485F-B119-823E94EACC26}.Debug|Any CPU.ActiveCfg = Debug|Any CPU
		{B7DC66E8-B328-485F-B119-823E94EACC26}.Debug|Any CPU.Build.0 = Debug|Any CPU
		{B7DC66E8-B328-485F-B119-823E94EACC26}.Release|Any CPU.ActiveCfg = Release|Any CPU
		{B7DC66E8-B328-485F-B119-823E94EACC26}.Release|Any CPU.Build.0 = Release|Any CPU
		{455F2EF6-E8A2-4158-A171-637D99C20729}.Debug|Any CPU.ActiveCfg = Debug|Any CPU
		{455F2EF6-E8A2-4158-A171-637D99C20729}.Debug|Any CPU.Build.0 = Debug|Any CPU
		{455F2EF6-E8A2-4158-A171-637D99C20729}.Release|Any CPU.ActiveCfg = Release|Any CPU
		{455F2EF6-E8A2-4158-A171-637D99C20729}.Release|Any CPU.Build.0 = Release|Any CPU
		{FC59FE95-81DD-4151-815F-36516FBA3BB8}.Debug|Any CPU.ActiveCfg = Debug|Any CPU
		{FC59FE95-81DD-4151-815F-36516FBA3BB8}.Debug|Any CPU.Build.0 = Debug|Any CPU
		{FC59FE95-81DD-4151-815F-36516FBA3BB8}.Release|Any CPU.ActiveCfg = Release|Any CPU
		{FC59FE95-81DD-4151-815F-36516FBA3BB8}.Release|Any CPU.Build.0 = Release|Any CPU
		{8061854C-F80B-4F3B-9326-30328D1F6CFA}.Debug|Any CPU.ActiveCfg = Debug|Any CPU
		{8061854C-F80B-4F3B-9326-30328D1F6CFA}.Debug|Any CPU.Build.0 = Debug|Any CPU
		{8061854C-F80B-4F3B-9326-30328D1F6CFA}.Release|Any CPU.ActiveCfg = Release|Any CPU
		{8061854C-F80B-4F3B-9326-30328D1F6CFA}.Release|Any CPU.Build.0 = Release|Any CPU
		{AC4B467F-EB3C-49F7-AD1F-D5EECA12024E}.Debug|Any CPU.ActiveCfg = Debug|Any CPU
		{AC4B467F-EB3C-49F7-AD1F-D5EECA12024E}.Debug|Any CPU.Build.0 = Debug|Any CPU
		{AC4B467F-EB3C-49F7-AD1F-D5EECA12024E}.Release|Any CPU.ActiveCfg = Release|Any CPU
		{AC4B467F-EB3C-49F7-AD1F-D5EECA12024E}.Release|Any CPU.Build.0 = Release|Any CPU
		{B614AD9B-F4EB-41F2-ACAE-2AC690BA9FFA}.Debug|Any CPU.ActiveCfg = Debug|Any CPU
		{B614AD9B-F4EB-41F2-ACAE-2AC690BA9FFA}.Debug|Any CPU.Build.0 = Debug|Any CPU
		{B614AD9B-F4EB-41F2-ACAE-2AC690BA9FFA}.Release|Any CPU.ActiveCfg = Release|Any CPU
		{B614AD9B-F4EB-41F2-ACAE-2AC690BA9FFA}.Release|Any CPU.Build.0 = Release|Any CPU
		{B4C3D3A9-3C02-46F8-B621-51BA1732CD67}.Debug|Any CPU.ActiveCfg = Debug|Any CPU
		{B4C3D3A9-3C02-46F8-B621-51BA1732CD67}.Debug|Any CPU.Build.0 = Debug|Any CPU
		{B4C3D3A9-3C02-46F8-B621-51BA1732CD67}.Release|Any CPU.ActiveCfg = Release|Any CPU
		{B4C3D3A9-3C02-46F8-B621-51BA1732CD67}.Release|Any CPU.Build.0 = Release|Any CPU
		{FE2EBF49-71AD-4E97-920C-E7A7EF4C5460}.Debug|Any CPU.ActiveCfg = Debug|Any CPU
		{FE2EBF49-71AD-4E97-920C-E7A7EF4C5460}.Debug|Any CPU.Build.0 = Debug|Any CPU
		{FE2EBF49-71AD-4E97-920C-E7A7EF4C5460}.Release|Any CPU.ActiveCfg = Release|Any CPU
		{FE2EBF49-71AD-4E97-920C-E7A7EF4C5460}.Release|Any CPU.Build.0 = Release|Any CPU
		{F64D2FC7-265C-47E1-B9C3-8A0341EBC2DA}.Debug|Any CPU.ActiveCfg = Debug|Any CPU
		{F64D2FC7-265C-47E1-B9C3-8A0341EBC2DA}.Debug|Any CPU.Build.0 = Debug|Any CPU
		{F64D2FC7-265C-47E1-B9C3-8A0341EBC2DA}.Release|Any CPU.ActiveCfg = Release|Any CPU
		{F64D2FC7-265C-47E1-B9C3-8A0341EBC2DA}.Release|Any CPU.Build.0 = Release|Any CPU
		{816B26E5-41E1-4A34-80DC-7249A985E7B5}.Debug|Any CPU.ActiveCfg = Debug|Any CPU
		{816B26E5-41E1-4A34-80DC-7249A985E7B5}.Debug|Any CPU.Build.0 = Debug|Any CPU
		{816B26E5-41E1-4A34-80DC-7249A985E7B5}.Release|Any CPU.ActiveCfg = Release|Any CPU
		{816B26E5-41E1-4A34-80DC-7249A985E7B5}.Release|Any CPU.Build.0 = Release|Any CPU
		{913B4868-3A5E-4489-9802-0B66281E01F8}.Debug|Any CPU.ActiveCfg = Debug|Any CPU
		{913B4868-3A5E-4489-9802-0B66281E01F8}.Debug|Any CPU.Build.0 = Debug|Any CPU
		{913B4868-3A5E-4489-9802-0B66281E01F8}.Release|Any CPU.ActiveCfg = Release|Any CPU
		{913B4868-3A5E-4489-9802-0B66281E01F8}.Release|Any CPU.Build.0 = Release|Any CPU
		{5374C336-9683-49D1-BA1A-DA2D7AB4352D}.Debug|Any CPU.ActiveCfg = Debug|Any CPU
		{5374C336-9683-49D1-BA1A-DA2D7AB4352D}.Debug|Any CPU.Build.0 = Debug|Any CPU
		{5374C336-9683-49D1-BA1A-DA2D7AB4352D}.Release|Any CPU.ActiveCfg = Release|Any CPU
		{5374C336-9683-49D1-BA1A-DA2D7AB4352D}.Release|Any CPU.Build.0 = Release|Any CPU
		{A40DEDCF-B86A-42CA-ABDC-5BE013519B07}.Debug|Any CPU.ActiveCfg = Debug|Any CPU
		{A40DEDCF-B86A-42CA-ABDC-5BE013519B07}.Debug|Any CPU.Build.0 = Debug|Any CPU
		{A40DEDCF-B86A-42CA-ABDC-5BE013519B07}.Release|Any CPU.ActiveCfg = Release|Any CPU
		{A40DEDCF-B86A-42CA-ABDC-5BE013519B07}.Release|Any CPU.Build.0 = Release|Any CPU
		{27D125C7-8AF4-4B6E-9B0B-C712D289EF72}.Debug|Any CPU.ActiveCfg = Debug|Any CPU
		{27D125C7-8AF4-4B6E-9B0B-C712D289EF72}.Debug|Any CPU.Build.0 = Debug|Any CPU
		{27D125C7-8AF4-4B6E-9B0B-C712D289EF72}.Release|Any CPU.ActiveCfg = Release|Any CPU
		{27D125C7-8AF4-4B6E-9B0B-C712D289EF72}.Release|Any CPU.Build.0 = Release|Any CPU
		{B383AB5F-9CA5-4378-B059-C01DCD2D6B13}.Debug|Any CPU.ActiveCfg = Debug|Any CPU
		{B383AB5F-9CA5-4378-B059-C01DCD2D6B13}.Debug|Any CPU.Build.0 = Debug|Any CPU
		{B383AB5F-9CA5-4378-B059-C01DCD2D6B13}.Release|Any CPU.ActiveCfg = Release|Any CPU
		{B383AB5F-9CA5-4378-B059-C01DCD2D6B13}.Release|Any CPU.Build.0 = Release|Any CPU
		{A1F4DDC3-70F5-440A-9F52-1C7A317E899E}.Debug|Any CPU.ActiveCfg = Debug|Any CPU
		{A1F4DDC3-70F5-440A-9F52-1C7A317E899E}.Debug|Any CPU.Build.0 = Debug|Any CPU
		{A1F4DDC3-70F5-440A-9F52-1C7A317E899E}.Release|Any CPU.ActiveCfg = Release|Any CPU
		{A1F4DDC3-70F5-440A-9F52-1C7A317E899E}.Release|Any CPU.Build.0 = Release|Any CPU
		{69F4CB74-21EF-42EA-AF92-F67DC236B781}.Debug|Any CPU.ActiveCfg = Debug|Any CPU
		{69F4CB74-21EF-42EA-AF92-F67DC236B781}.Debug|Any CPU.Build.0 = Debug|Any CPU
		{69F4CB74-21EF-42EA-AF92-F67DC236B781}.Release|Any CPU.ActiveCfg = Release|Any CPU
		{69F4CB74-21EF-42EA-AF92-F67DC236B781}.Release|Any CPU.Build.0 = Release|Any CPU
		{B6A50067-5F85-41C4-9327-D3B74923682E}.Debug|Any CPU.ActiveCfg = Debug|Any CPU
		{B6A50067-5F85-41C4-9327-D3B74923682E}.Debug|Any CPU.Build.0 = Debug|Any CPU
		{B6A50067-5F85-41C4-9327-D3B74923682E}.Release|Any CPU.ActiveCfg = Release|Any CPU
		{B6A50067-5F85-41C4-9327-D3B74923682E}.Release|Any CPU.Build.0 = Release|Any CPU
		{230E0E42-8DAF-44F1-A9BA-3EBE22D30E94}.Debug|Any CPU.ActiveCfg = Debug|Any CPU
		{230E0E42-8DAF-44F1-A9BA-3EBE22D30E94}.Debug|Any CPU.Build.0 = Debug|Any CPU
		{230E0E42-8DAF-44F1-A9BA-3EBE22D30E94}.Release|Any CPU.ActiveCfg = Release|Any CPU
		{230E0E42-8DAF-44F1-A9BA-3EBE22D30E94}.Release|Any CPU.Build.0 = Release|Any CPU
		{55DEE21B-C4DC-4A3F-9172-EB0F7E1C5A21}.Debug|Any CPU.ActiveCfg = Debug|Any CPU
		{55DEE21B-C4DC-4A3F-9172-EB0F7E1C5A21}.Debug|Any CPU.Build.0 = Debug|Any CPU
		{55DEE21B-C4DC-4A3F-9172-EB0F7E1C5A21}.Release|Any CPU.ActiveCfg = Release|Any CPU
		{55DEE21B-C4DC-4A3F-9172-EB0F7E1C5A21}.Release|Any CPU.Build.0 = Release|Any CPU
		{D3900130-00C5-4087-BD49-974EFCE5356F}.Debug|Any CPU.ActiveCfg = Debug|Any CPU
		{D3900130-00C5-4087-BD49-974EFCE5356F}.Debug|Any CPU.Build.0 = Debug|Any CPU
		{D3900130-00C5-4087-BD49-974EFCE5356F}.Release|Any CPU.ActiveCfg = Release|Any CPU
		{D3900130-00C5-4087-BD49-974EFCE5356F}.Release|Any CPU.Build.0 = Release|Any CPU
		{A32C7034-8F5C-4001-AED5-F7116B0E459B}.Debug|Any CPU.ActiveCfg = Debug|Any CPU
		{A32C7034-8F5C-4001-AED5-F7116B0E459B}.Debug|Any CPU.Build.0 = Debug|Any CPU
		{A32C7034-8F5C-4001-AED5-F7116B0E459B}.Release|Any CPU.ActiveCfg = Release|Any CPU
		{A32C7034-8F5C-4001-AED5-F7116B0E459B}.Release|Any CPU.Build.0 = Release|Any CPU
		{B29F4C8F-6409-4302-8BCB-D117E9B2AFE0}.Debug|Any CPU.ActiveCfg = Debug|Any CPU
		{B29F4C8F-6409-4302-8BCB-D117E9B2AFE0}.Debug|Any CPU.Build.0 = Debug|Any CPU
		{B29F4C8F-6409-4302-8BCB-D117E9B2AFE0}.Release|Any CPU.ActiveCfg = Release|Any CPU
		{B29F4C8F-6409-4302-8BCB-D117E9B2AFE0}.Release|Any CPU.Build.0 = Release|Any CPU
		{FBB6F9A7-BA99-4585-A0EF-6FB3CCC66B89}.Debug|Any CPU.ActiveCfg = Debug|Any CPU
		{FBB6F9A7-BA99-4585-A0EF-6FB3CCC66B89}.Debug|Any CPU.Build.0 = Debug|Any CPU
		{FBB6F9A7-BA99-4585-A0EF-6FB3CCC66B89}.Release|Any CPU.ActiveCfg = Release|Any CPU
		{FBB6F9A7-BA99-4585-A0EF-6FB3CCC66B89}.Release|Any CPU.Build.0 = Release|Any CPU
	EndGlobalSection
	GlobalSection(SolutionProperties) = preSolution
		HideSolutionNode = FALSE
	EndGlobalSection
	GlobalSection(NestedProjects) = preSolution
		{331D90BF-CBDE-43D9-B7C7-C3FF795DB33F} = {6B5D40F5-DC71-42F4-8921-EB06E12E74BD}
		{A95CA566-64FD-4275-B9A2-F0AEDD9C204C} = {6B5D40F5-DC71-42F4-8921-EB06E12E74BD}
		{6B5D40F5-DC71-42F4-8921-EB06E12E74BD} = {572AD440-2775-4B8F-8C84-18C24C57D5E0}
		{74E48F74-EA5F-4BFE-B41D-EC8B0987BD0D} = {572AD440-2775-4B8F-8C84-18C24C57D5E0}
		{9710D3CD-1825-44AD-937C-26B74B637C9F} = {74E48F74-EA5F-4BFE-B41D-EC8B0987BD0D}
		{B93AA11E-8F52-424D-8F95-096595308235} = {74E48F74-EA5F-4BFE-B41D-EC8B0987BD0D}
		{EF778110-40CE-4BE5-B877-FFEA04F20E63} = {C1F9F578-F4D4-4FD1-BB35-328AB7928345}
		{D4316B76-0425-45D6-93DD-A92FCCB9D7FB} = {C1F9F578-F4D4-4FD1-BB35-328AB7928345}
		{0321D023-6488-4B43-8B50-CD6BDC6DDEF2} = {DDDCAD6A-CBBC-40F0-BD95-C4FDF1396CD9}
		{7CA351B0-3071-4108-B4E8-D2F5138856E0} = {DDDCAD6A-CBBC-40F0-BD95-C4FDF1396CD9}
		{716D7E4C-6094-4CE4-9AA9-B779E0C4ECCE} = {0321D023-6488-4B43-8B50-CD6BDC6DDEF2}
		{ECDDF042-6F6D-476C-AD2C-998F4F05F400} = {DDDCAD6A-CBBC-40F0-BD95-C4FDF1396CD9}
		{8C25C0F1-5FF2-49B5-9099-BBCD448909E8} = {ECDDF042-6F6D-476C-AD2C-998F4F05F400}
		{EBFB4401-807E-48B5-A347-AC8251E1E8F3} = {ECDDF042-6F6D-476C-AD2C-998F4F05F400}
		{07CDD016-8879-486F-A374-BCD0E7D09D07} = {DDDCAD6A-CBBC-40F0-BD95-C4FDF1396CD9}
		{923A9824-FC23-4F54-BA50-760B895875C6} = {642166D9-798B-42D8-9018-1B40D13A938E}
		{F730DC93-9013-4EF3-A4B1-788A200F50DF} = {6B5D40F5-DC71-42F4-8921-EB06E12E74BD}
		{C435F60C-D526-49E2-821F-78AC3AF077B9} = {6B5D40F5-DC71-42F4-8921-EB06E12E74BD}
		{4F6C1282-D504-4DFE-B27D-411A922DCC44} = {6B5D40F5-DC71-42F4-8921-EB06E12E74BD}
		{6699E101-2F82-44E2-B64A-F63B940273EE} = {6B5D40F5-DC71-42F4-8921-EB06E12E74BD}
		{E35678C8-5B03-446D-9E69-DBDE52A864CF} = {6B5D40F5-DC71-42F4-8921-EB06E12E74BD}
		{EEE9F2E3-E00A-4E04-95E6-64425E8643B8} = {6B5D40F5-DC71-42F4-8921-EB06E12E74BD}
		{2C94D328-51B1-42B3-B099-DB04FD5134BC} = {74E48F74-EA5F-4BFE-B41D-EC8B0987BD0D}
		{DAA72946-6CD3-4E09-9676-4EBB92CE6E58} = {74E48F74-EA5F-4BFE-B41D-EC8B0987BD0D}
		{65467A92-4A39-464A-9BC2-47B031824706} = {74E48F74-EA5F-4BFE-B41D-EC8B0987BD0D}
		{9977C838-4107-46A1-9C1B-26324B096C93} = {74E48F74-EA5F-4BFE-B41D-EC8B0987BD0D}
		{A2B891BD-0F89-4B7E-B323-CCF729782269} = {74E48F74-EA5F-4BFE-B41D-EC8B0987BD0D}
		{7E16D4C2-51C6-4A68-B49C-10391CFEF958} = {74E48F74-EA5F-4BFE-B41D-EC8B0987BD0D}
		{787EBB99-AA91-483D-9FC8-E910002354AB} = {EF778110-40CE-4BE5-B877-FFEA04F20E63}
		{313D2E90-D3BB-4504-9101-05A70B59EB71} = {D4316B76-0425-45D6-93DD-A92FCCB9D7FB}
		{B7DC66E8-B328-485F-B119-823E94EACC26} = {D4316B76-0425-45D6-93DD-A92FCCB9D7FB}
		{455F2EF6-E8A2-4158-A171-637D99C20729} = {D4316B76-0425-45D6-93DD-A92FCCB9D7FB}
		{FC59FE95-81DD-4151-815F-36516FBA3BB8} = {D4316B76-0425-45D6-93DD-A92FCCB9D7FB}
		{8061854C-F80B-4F3B-9326-30328D1F6CFA} = {D4316B76-0425-45D6-93DD-A92FCCB9D7FB}
		{AC4B467F-EB3C-49F7-AD1F-D5EECA12024E} = {D4316B76-0425-45D6-93DD-A92FCCB9D7FB}
		{B614AD9B-F4EB-41F2-ACAE-2AC690BA9FFA} = {D4316B76-0425-45D6-93DD-A92FCCB9D7FB}
		{B4C3D3A9-3C02-46F8-B621-51BA1732CD67} = {D4316B76-0425-45D6-93DD-A92FCCB9D7FB}
		{FE2EBF49-71AD-4E97-920C-E7A7EF4C5460} = {D4316B76-0425-45D6-93DD-A92FCCB9D7FB}
		{F64D2FC7-265C-47E1-B9C3-8A0341EBC2DA} = {0321D023-6488-4B43-8B50-CD6BDC6DDEF2}
		{642166D9-798B-42D8-9018-1B40D13A938E} = {DDDCAD6A-CBBC-40F0-BD95-C4FDF1396CD9}
		{816B26E5-41E1-4A34-80DC-7249A985E7B5} = {7CA351B0-3071-4108-B4E8-D2F5138856E0}
		{913B4868-3A5E-4489-9802-0B66281E01F8} = {ECDDF042-6F6D-476C-AD2C-998F4F05F400}
		{5374C336-9683-49D1-BA1A-DA2D7AB4352D} = {ECDDF042-6F6D-476C-AD2C-998F4F05F400}
		{A40DEDCF-B86A-42CA-ABDC-5BE013519B07} = {74E48F74-EA5F-4BFE-B41D-EC8B0987BD0D}
		{27D125C7-8AF4-4B6E-9B0B-C712D289EF72} = {74E48F74-EA5F-4BFE-B41D-EC8B0987BD0D}
		{B383AB5F-9CA5-4378-B059-C01DCD2D6B13} = {74E48F74-EA5F-4BFE-B41D-EC8B0987BD0D}
		{73B946E5-961A-4E1D-B8EA-98961343B5BB} = {C1F9F578-F4D4-4FD1-BB35-328AB7928345}
		{A1F4DDC3-70F5-440A-9F52-1C7A317E899E} = {73B946E5-961A-4E1D-B8EA-98961343B5BB}
		{69F4CB74-21EF-42EA-AF92-F67DC236B781} = {73B946E5-961A-4E1D-B8EA-98961343B5BB}
		{B6A50067-5F85-41C4-9327-D3B74923682E} = {73B946E5-961A-4E1D-B8EA-98961343B5BB}
		{230E0E42-8DAF-44F1-A9BA-3EBE22D30E94} = {73B946E5-961A-4E1D-B8EA-98961343B5BB}
		{55DEE21B-C4DC-4A3F-9172-EB0F7E1C5A21} = {73B946E5-961A-4E1D-B8EA-98961343B5BB}
		{D3900130-00C5-4087-BD49-974EFCE5356F} = {07CDD016-8879-486F-A374-BCD0E7D09D07}
		{A32C7034-8F5C-4001-AED5-F7116B0E459B} = {07CDD016-8879-486F-A374-BCD0E7D09D07}
		{B29F4C8F-6409-4302-8BCB-D117E9B2AFE0} = {07CDD016-8879-486F-A374-BCD0E7D09D07}
		{FBB6F9A7-BA99-4585-A0EF-6FB3CCC66B89} = {07CDD016-8879-486F-A374-BCD0E7D09D07}
	EndGlobalSection
EndGlobal
